
Microsoft Visual Studio Solution File, Format Version 12.00
# Visual Studio Version 17
VisualStudioVersion = 17.14.36429.23 d17.14
MinimumVisualStudioVersion = 10.0.40219.1
Project("{FAE04EC0-301F-11D3-BF4B-00C04F79EFBC}") = "Number_Guessing_Game", "Number_Guessing_Game\Number_Guessing_Game.csproj", "{17408B7A-C024-48FA-A27E-62EBD261D28A}"
EndProject
Global
	GlobalSection(SolutionConfigurationPlatforms) = preSolution
		Debug|Any CPU = Debug|Any CPU
		Release|Any CPU = Release|Any CPU
	EndGlobalSection
	GlobalSection(ProjectConfigurationPlatforms) = postSolution
		{17408B7A-C024-48FA-A27E-62EBD261D28A}.Debug|Any CPU.ActiveCfg = Debug|Any CPU
		{17408B7A-C024-48FA-A27E-62EBD261D28A}.Debug|Any CPU.Build.0 = Debug|Any CPU
		{17408B7A-C024-48FA-A27E-62EBD261D28A}.Release|Any CPU.ActiveCfg = Release|Any CPU
		{17408B7A-C024-48FA-A27E-62EBD261D28A}.Release|Any CPU.Build.0 = Release|Any CPU
	EndGlobalSection
	GlobalSection(SolutionProperties) = preSolution
		HideSolutionNode = FALSE
	EndGlobalSection
	GlobalSection(ExtensibilityGlobals) = postSolution
		SolutionGuid = {E029A30C-2C0A-4173-AF3D-A7DC0F12D7D9}
	EndGlobalSection
EndGlobal
